<?xml version="1.0" encoding="utf-8"?>
<Project ToolsVersion="4.0" xmlns="http://schemas.microsoft.com/developer/msbuild/2003">
  <ItemGroup>
    <Filter Include="Source Files">
      <UniqueIdentifier>{4FC737F1-C7A5-4376-A066-2A32D752A2FF}</UniqueIdentifier>
      <Extensions>cpp;c;cc;cxx;def;odl;idl;hpj;bat;asm;asmx</Extensions>
    </Filter>
    <Filter Include="Header Files">
      <UniqueIdentifier>{93995380-89BD-4b04-88EB-625FBE52EBFB}</UniqueIdentifier>
      <Extensions>h;hh;hpp;hxx;hm;inl;inc;ipp;xsd</Extensions>
    </Filter>
    <Filter Include="Resource Files">
      <UniqueIdentifier>{67DA6AB6-F800-4c08-8B7A-83BB121AAD01}</UniqueIdentifier>
      <Extensions>rc;ico;cur;bmp;dlg;rc2;rct;bin;rgs;gif;jpg;jpeg;jpe;resx;tiff;tif;png;wav;mfcribbon-ms</Extensions>
    </Filter>
    <Filter Include="Resource Files\STL">
      <UniqueIdentifier>{56825b24-1a45-42da-a52f-e219bb71e6ae}</UniqueIdentifier>
    </Filter>
    <Filter Include="Resource Files\Textures">
      <UniqueIdentifier>{4c095aba-3288-4739-bb71-2f5a4d66fedd}</UniqueIdentifier>
    </Filter>
  </ItemGroup>
  <ItemGroup>
    <ClCompile Include="WinMain.cpp">
      <Filter>Source Files</Filter>
    </ClCompile>
    <ClCompile Include="BECanvas.cpp">
      <Filter>Source Files</Filter>
    </ClCompile>
    <ClCompile Include="BECamera.cpp">
      <Filter>Source Files</Filter>
    </ClCompile>
    <ClCompile Include="BEMesh.cpp">
      <Filter>Source Files</Filter>
    </ClCompile>
    <ClCompile Include="BEEntity.cpp">
      <Filter>Source Files</Filter>
    </ClCompile>
    <ClCompile Include="BELight.cpp">
      <Filter>Source Files</Filter>
    </ClCompile>
    <ClCompile Include="BERenderScanline.cpp">
      <Filter>Source Files</Filter>
    </ClCompile>
    <ClCompile Include="BERenderRaytrace.cpp">
      <Filter>Source Files</Filter>
    </ClCompile>
    <ClCompile Include="BERenderWireframe.cpp">
      <Filter>Source Files</Filter>
    </ClCompile>
    <ClCompile Include="BEDirectX.cpp">
      <Filter>Source Files</Filter>
    </ClCompile>
    <ClCompile Include="BEDXVertexShader.cpp">
      <Filter>Source Files</Filter>
    </ClCompile>
    <ClCompile Include="BEDirectXDevice.cpp">
      <Filter>Source Files</Filter>
    </ClCompile>
    <ClCompile Include="BEDXPixelShader.cpp">
      <Filter>Source Files</Filter>
    </ClCompile>
    <ClCompile Include="BEDXVertexBuffer.cpp">
      <Filter>Source Files</Filter>
    </ClCompile>
    <ClCompile Include="BEScene.cpp">
      <Filter>Source Files</Filter>
    </ClCompile>
    <ClCompile Include="BEMeshPrimatives.cpp">
      <Filter>Source Files</Filter>
    </ClCompile>
    <ClCompile Include="BEDXVSConstantBuffer.cpp">
      <Filter>Source Files</Filter>
    </ClCompile>
    <ClCompile Include="BEDXPSConstantBuffer.cpp">
      <Filter>Source Files</Filter>
    </ClCompile>
    <ClCompile Include="BEDXOverlay.cpp">
      <Filter>Source Files</Filter>
    </ClCompile>
    <ClCompile Include="BEDXShowCanvas.cpp">
      <Filter>Source Files</Filter>
    </ClCompile>
    <ClCompile Include="BEDXTexture.cpp">
      <Filter>Source Files</Filter>
    </ClCompile>
    <ClCompile Include="BEDXTextureUpdateable.cpp">
      <Filter>Source Files</Filter>
    </ClCompile>
    <ClCompile Include="BEDirectXDrawable.cpp">
      <Filter>Source Files</Filter>
    </ClCompile>
    <ClCompile Include="BETexture.cpp">
      <Filter>Source Files</Filter>
    </ClCompile>
    <ClCompile Include="BESampler.cpp">
      <Filter>Source Files</Filter>
    </ClCompile>
    <ClCompile Include="BEBounds.cpp">
      <Filter>Source Files</Filter>
    </ClCompile>
    <ClCompile Include="BEMeshLoaderSTL.cpp">
      <Filter>Source Files</Filter>
    </ClCompile>
    <ClCompile Include="BEDXEntityPSConstantBuffer.cpp">
      <Filter>Source Files</Filter>
    </ClCompile>
  </ItemGroup>
  <ItemGroup>
    <ClInclude Include="BECanvas.h">
      <Filter>Header Files</Filter>
    </ClInclude>
    <ClInclude Include="BECamera.h">
      <Filter>Header Files</Filter>
    </ClInclude>
    <ClInclude Include="BERenderPipeline.h">
      <Filter>Header Files</Filter>
    </ClInclude>
    <ClInclude Include="BEMesh.h">
      <Filter>Header Files</Filter>
    </ClInclude>
    <ClInclude Include="BEEntity.h">
      <Filter>Header Files</Filter>
    </ClInclude>
    <ClInclude Include="BECommon.h">
      <Filter>Header Files</Filter>
    </ClInclude>
    <ClInclude Include="BELight.h">
      <Filter>Header Files</Filter>
    </ClInclude>
    <ClInclude Include="BEDirectX.h">
      <Filter>Header Files</Filter>
    </ClInclude>
    <ClInclude Include="BEDirectXResource.h">
      <Filter>Header Files</Filter>
    </ClInclude>
    <ClInclude Include="BEDXVertexShader.h">
      <Filter>Header Files</Filter>
    </ClInclude>
    <ClInclude Include="BEDirectXDevice.h">
      <Filter>Header Files</Filter>
    </ClInclude>
    <ClInclude Include="BEDXPixelShader.h">
      <Filter>Header Files</Filter>
    </ClInclude>
    <ClInclude Include="BEDXVertexBuffer.h">
      <Filter>Header Files</Filter>
    </ClInclude>
    <ClInclude Include="BEDirectXDrawable.h">
      <Filter>Header Files</Filter>
    </ClInclude>
    <ClInclude Include="BEScene.h">
      <Filter>Header Files</Filter>
    </ClInclude>
    <ClInclude Include="BEMeshPrimatives.h">
      <Filter>Header Files</Filter>
    </ClInclude>
    <ClInclude Include="BEVertex.h">
      <Filter>Header Files</Filter>
    </ClInclude>
    <ClInclude Include="BEDXVSConstantBuffer.h">
      <Filter>Header Files</Filter>
    </ClInclude>
    <ClInclude Include="BEDXPSConstantBuffer.h">
      <Filter>Header Files</Filter>
    </ClInclude>
    <ClInclude Include="BEDXOverlay.h">
      <Filter>Header Files</Filter>
    </ClInclude>
    <ClInclude Include="BETimer.h">
      <Filter>Header Files</Filter>
    </ClInclude>
    <ClInclude Include="BEDirectXConstantBuffer.h">
      <Filter>Header Files</Filter>
    </ClInclude>
    <ClInclude Include="BEDXShowCanvas.h">
      <Filter>Header Files</Filter>
    </ClInclude>
    <ClInclude Include="BEDXTexture.h">
      <Filter>Header Files</Filter>
    </ClInclude>
    <ClInclude Include="BEDXTextureUpdateable.h">
      <Filter>Header Files</Filter>
    </ClInclude>
    <ClInclude Include="BETexture.h">
      <Filter>Header Files</Filter>
    </ClInclude>
    <ClInclude Include="BESampler.h">
      <Filter>Header Files</Filter>
    </ClInclude>
    <ClInclude Include="resource.h">
      <Filter>Header Files</Filter>
    </ClInclude>
    <ClInclude Include="BEBounds.h">
      <Filter>Header Files</Filter>
    </ClInclude>
    <ClInclude Include="BEMeshLoaderSTL.h">
      <Filter>Header Files</Filter>
    </ClInclude>
    <ClInclude Include="BEDXEntityPSConstantBuffer.h">
      <Filter>Header Files</Filter>
    </ClInclude>
  </ItemGroup>
  <ItemGroup>
    <FxCompile Include="VertexShader.hlsl">
      <Filter>Resource Files</Filter>
    </FxCompile>
    <FxCompile Include="PixelShader.hlsl">
      <Filter>Resource Files</Filter>
    </FxCompile>
    <FxCompile Include="VSPassthrough.hlsl">
      <Filter>Resource Files</Filter>
    </FxCompile>
    <FxCompile Include="PSPassthrough.hlsl">
      <Filter>Resource Files</Filter>
    </FxCompile>
  </ItemGroup>
  <ItemGroup>
    <ResourceCompile Include="BasicEngine.rc">
      <Filter>Resource Files</Filter>
    </ResourceCompile>
  </ItemGroup>
  <ItemGroup>
    <None Include="STL\monkey.stl">
      <Filter>Resource Files\STL</Filter>
    </None>
    <None Include="STL\torus.stl">
      <Filter>Resource Files\STL</Filter>
    </None>
  </ItemGroup>
  <ItemGroup>
    <Image Include="Textures\4-sunset-over-water-focusstock.jpg">
      <Filter>Resource Files\Textures</Filter>
    </Image>
  </ItemGroup>
</Project>