<?xml version="1.0" encoding="utf-8"?>
<Project ToolsVersion="4.0" xmlns="http://schemas.microsoft.com/developer/msbuild/2003">
  <ItemGroup>
    <Filter Include="Resource Files">
      <UniqueIdentifier>{67DA6AB6-F800-4c08-8B7A-83BB121AAD01}</UniqueIdentifier>
      <Extensions>rc;ico;cur;bmp;dlg;rc2;rct;bin;rgs;gif;jpg;jpeg;jpe;resx;tiff;tif;png;wav;mfcribbon-ms</Extensions>
    </Filter>
    <Filter Include="Resource Files\STL">
      <UniqueIdentifier>{56825b24-1a45-42da-a52f-e219bb71e6ae}</UniqueIdentifier>
    </Filter>
    <Filter Include="Resource Files\Textures">
      <UniqueIdentifier>{4c095aba-3288-4739-bb71-2f5a4d66fedd}</UniqueIdentifier>
    </Filter>
    <Filter Include="BEDirectX Header Files">
      <UniqueIdentifier>{8e7a9ccc-e84f-44e1-8975-0385839bd71a}</UniqueIdentifier>
    </Filter>
    <Filter Include="BEDirectX Source Files">
      <UniqueIdentifier>{1f052edd-d471-4156-a66c-08c0f5a42220}</UniqueIdentifier>
    </Filter>
    <Filter Include="Scenes">
      <UniqueIdentifier>{83965946-25f8-43ca-ae7b-5e7f4e11e969}</UniqueIdentifier>
    </Filter>
    <Filter Include="Resource Files\Shaders">
      <UniqueIdentifier>{a29868a6-e6a9-4e2a-9e45-d3bc6e9f64c2}</UniqueIdentifier>
    </Filter>
    <Filter Include="Resource Files\PLY">
      <UniqueIdentifier>{a6968ad6-2328-4fcf-af3d-3e103a1cb3cb}</UniqueIdentifier>
    </Filter>
    <Filter Include="Resource Files\Models">
      <UniqueIdentifier>{c32dbf43-308d-48eb-915e-c08b73d048b9}</UniqueIdentifier>
    </Filter>
    <Filter Include="BE Source Files">
      <UniqueIdentifier>{4FC737F1-C7A5-4376-A066-2A32D752A2FF}</UniqueIdentifier>
      <Extensions>cpp;c;cc;cxx;def;odl;idl;hpj;bat;asm;asmx</Extensions>
    </Filter>
    <Filter Include="BE Header Files">
      <UniqueIdentifier>{93995380-89BD-4b04-88EB-625FBE52EBFB}</UniqueIdentifier>
      <Extensions>h;hh;hpp;hxx;hm;inl;inc;ipp;xsd</Extensions>
    </Filter>
    <Filter Include="Submodules">
      <UniqueIdentifier>{295ec7f6-4914-437d-86f7-c20a4bc77733}</UniqueIdentifier>
    </Filter>
    <Filter Include="Submodules\FastNoise">
      <UniqueIdentifier>{eb74848d-0a2b-480d-9ff5-d590c4a3d94b}</UniqueIdentifier>
    </Filter>
    <Filter Include="Submodules\imgui">
      <UniqueIdentifier>{2c760dda-86b2-4d15-9ffa-dcc4d9e97899}</UniqueIdentifier>
    </Filter>
  </ItemGroup>
  <ItemGroup>
    <ClCompile Include="WinMain.cpp">
      <Filter>BE Source Files</Filter>
    </ClCompile>
    <ClCompile Include="BECamera.cpp">
      <Filter>BE Source Files</Filter>
    </ClCompile>
    <ClCompile Include="BEMesh.cpp">
      <Filter>BE Source Files</Filter>
    </ClCompile>
    <ClCompile Include="BEEntity.cpp">
      <Filter>BE Source Files</Filter>
    </ClCompile>
    <ClCompile Include="BELight.cpp">
      <Filter>BE Source Files</Filter>
    </ClCompile>
    <ClCompile Include="BERenderRaytrace.cpp">
      <Filter>BE Source Files</Filter>
    </ClCompile>
    <ClCompile Include="BEScene.cpp">
      <Filter>BE Source Files</Filter>
    </ClCompile>
    <ClCompile Include="BEMeshPrimatives.cpp">
      <Filter>BE Source Files</Filter>
    </ClCompile>
    <ClCompile Include="BETexture.cpp">
      <Filter>BE Source Files</Filter>
    </ClCompile>
    <ClCompile Include="BESampler.cpp">
      <Filter>BE Source Files</Filter>
    </ClCompile>
    <ClCompile Include="BEBounds.cpp">
      <Filter>BE Source Files</Filter>
    </ClCompile>
    <ClCompile Include="BEMeshLoaderSTL.cpp">
      <Filter>BE Source Files</Filter>
    </ClCompile>
    <ClCompile Include="BEModel.cpp">
      <Filter>BE Source Files</Filter>
    </ClCompile>
    <ClCompile Include="BEMaterial.cpp">
      <Filter>BE Source Files</Filter>
    </ClCompile>
    <ClCompile Include="BERaytrace.cpp">
      <Filter>BE Source Files</Filter>
    </ClCompile>
    <ClCompile Include="BERenderProgrammablePipeline.cpp">
      <Filter>BE Source Files</Filter>
    </ClCompile>
    <ClCompile Include="BEDirectX.cpp">
      <Filter>BEDirectX Source Files</Filter>
    </ClCompile>
    <ClCompile Include="BEDirectXDevice.cpp">
      <Filter>BEDirectX Source Files</Filter>
    </ClCompile>
    <ClCompile Include="BEDXEntityPSConstantBuffer.cpp">
      <Filter>BEDirectX Source Files</Filter>
    </ClCompile>
    <ClCompile Include="BEDXEntityVSConstantBuffer.cpp">
      <Filter>BEDirectX Source Files</Filter>
    </ClCompile>
    <ClCompile Include="BEDXOverlay.cpp">
      <Filter>BEDirectX Source Files</Filter>
    </ClCompile>
    <ClCompile Include="BEDXPixelShader.cpp">
      <Filter>BEDirectX Source Files</Filter>
    </ClCompile>
    <ClCompile Include="BEDXPSConstantBuffer.cpp">
      <Filter>BEDirectX Source Files</Filter>
    </ClCompile>
    <ClCompile Include="BEDXShowCanvas.cpp">
      <Filter>BEDirectX Source Files</Filter>
    </ClCompile>
    <ClCompile Include="BEDXTexture.cpp">
      <Filter>BEDirectX Source Files</Filter>
    </ClCompile>
    <ClCompile Include="BEDXTextureUpdateable.cpp">
      <Filter>BEDirectX Source Files</Filter>
    </ClCompile>
    <ClCompile Include="BEDXVertexBuffer.cpp">
      <Filter>BEDirectX Source Files</Filter>
    </ClCompile>
    <ClCompile Include="BEDXVertexShader.cpp">
      <Filter>BEDirectX Source Files</Filter>
    </ClCompile>
    <ClCompile Include="BEDXVSConstantBuffer.cpp">
      <Filter>BEDirectX Source Files</Filter>
    </ClCompile>
    <ClCompile Include="BESceneTests.cpp">
      <Filter>Scenes</Filter>
    </ClCompile>
    <ClCompile Include="BEEntitySystems.cpp">
      <Filter>BE Source Files</Filter>
    </ClCompile>
    <ClCompile Include="BEInput.cpp">
      <Filter>BE Source Files</Filter>
    </ClCompile>
    <ClCompile Include="BEMeshLoaderPLY.cpp">
      <Filter>BE Source Files</Filter>
    </ClCompile>
    <ClCompile Include="BEMeshLoaderOBJ.cpp">
      <Filter>BE Source Files</Filter>
    </ClCompile>
    <ClCompile Include="BEDXScene.cpp">
      <Filter>BEDirectX Source Files</Filter>
    </ClCompile>
    <ClCompile Include="BERenderRaytraceThread.cpp">
      <Filter>BE Source Files</Filter>
    </ClCompile>
    <ClCompile Include="pch.cpp">
      <Filter>BE Source Files</Filter>
    </ClCompile>
    <ClCompile Include="BEWindow.cpp">
      <Filter>BE Source Files</Filter>
    </ClCompile>
    <ClCompile Include="BELogger.cpp">
      <Filter>BE Source Files</Filter>
    </ClCompile>
    <ClCompile Include="MiniPlanet.cpp">
      <Filter>Scenes</Filter>
    </ClCompile>
    <ClCompile Include="Submodules\FastNoise\FastNoise.cpp">
      <Filter>Submodules\FastNoise</Filter>
    </ClCompile>
    <ClCompile Include="Submodules\imgui\imgui.cpp">
      <Filter>Submodules\imgui</Filter>
    </ClCompile>
    <ClCompile Include="Submodules\imgui\imgui_demo.cpp">
      <Filter>Submodules\imgui</Filter>
    </ClCompile>
    <ClCompile Include="Submodules\imgui\imgui_draw.cpp">
      <Filter>Submodules\imgui</Filter>
    </ClCompile>
    <ClCompile Include="Submodules\imgui\imgui_widgets.cpp">
      <Filter>Submodules\imgui</Filter>
    </ClCompile>
    <ClCompile Include="Submodules\imgui\examples\imgui_impl_dx11.cpp">
      <Filter>Submodules\imgui</Filter>
    </ClCompile>
    <ClCompile Include="Submodules\imgui\examples\imgui_impl_win32.cpp">
      <Filter>Submodules\imgui</Filter>
    </ClCompile>
    <ClCompile Include="BEDXimgui.cpp">
      <Filter>BEDirectX Source Files</Filter>
    </ClCompile>
    <ClCompile Include="BEUtil.cpp">
      <Filter>BE Source Files</Filter>
    </ClCompile>
  </ItemGroup>
  <ItemGroup>
    <ClInclude Include="BECanvas.h">
      <Filter>BE Header Files</Filter>
    </ClInclude>
    <ClInclude Include="BECamera.h">
      <Filter>BE Header Files</Filter>
    </ClInclude>
    <ClInclude Include="BEMesh.h">
      <Filter>BE Header Files</Filter>
    </ClInclude>
    <ClInclude Include="BEEntity.h">
      <Filter>BE Header Files</Filter>
    </ClInclude>
    <ClInclude Include="BELight.h">
      <Filter>BE Header Files</Filter>
    </ClInclude>
    <ClInclude Include="BEScene.h">
      <Filter>BE Header Files</Filter>
    </ClInclude>
    <ClInclude Include="BEMeshPrimatives.h">
      <Filter>BE Header Files</Filter>
    </ClInclude>
    <ClInclude Include="BEVertex.h">
      <Filter>BE Header Files</Filter>
    </ClInclude>
    <ClInclude Include="BETimer.h">
      <Filter>BE Header Files</Filter>
    </ClInclude>
    <ClInclude Include="BETexture.h">
      <Filter>BE Header Files</Filter>
    </ClInclude>
    <ClInclude Include="BESampler.h">
      <Filter>BE Header Files</Filter>
    </ClInclude>
    <ClInclude Include="resource.h">
      <Filter>BE Header Files</Filter>
    </ClInclude>
    <ClInclude Include="BEBounds.h">
      <Filter>BE Header Files</Filter>
    </ClInclude>
    <ClInclude Include="BEMeshLoaderSTL.h">
      <Filter>BE Header Files</Filter>
    </ClInclude>
    <ClInclude Include="BEModel.h">
      <Filter>BE Header Files</Filter>
    </ClInclude>
    <ClInclude Include="BEMaterial.h">
      <Filter>BE Header Files</Filter>
    </ClInclude>
    <ClInclude Include="BEEntityComponents.h">
      <Filter>BE Header Files</Filter>
    </ClInclude>
    <ClInclude Include="BERaytrace.h">
      <Filter>BE Header Files</Filter>
    </ClInclude>
    <ClInclude Include="BESurface2D.h">
      <Filter>BE Header Files</Filter>
    </ClInclude>
    <ClInclude Include="BERenderProgrammablePipeline.h">
      <Filter>BE Header Files</Filter>
    </ClInclude>
    <ClInclude Include="BERenderRaytrace.h">
      <Filter>BE Header Files</Filter>
    </ClInclude>
    <ClInclude Include="BEDirectX.h">
      <Filter>BEDirectX Header Files</Filter>
    </ClInclude>
    <ClInclude Include="BEDirectXConstantBuffer.h">
      <Filter>BEDirectX Header Files</Filter>
    </ClInclude>
    <ClInclude Include="BEDirectXDevice.h">
      <Filter>BEDirectX Header Files</Filter>
    </ClInclude>
    <ClInclude Include="BEDirectXResource.h">
      <Filter>BEDirectX Header Files</Filter>
    </ClInclude>
    <ClInclude Include="BEDXEntityPSConstantBuffer.h">
      <Filter>BEDirectX Header Files</Filter>
    </ClInclude>
    <ClInclude Include="BEDXEntityVSConstantBuffer.h">
      <Filter>BEDirectX Header Files</Filter>
    </ClInclude>
    <ClInclude Include="BEDXOverlay.h">
      <Filter>BEDirectX Header Files</Filter>
    </ClInclude>
    <ClInclude Include="BEDXPixelShader.h">
      <Filter>BEDirectX Header Files</Filter>
    </ClInclude>
    <ClInclude Include="BEDXPSConstantBuffer.h">
      <Filter>BEDirectX Header Files</Filter>
    </ClInclude>
    <ClInclude Include="BEDXShowCanvas.h">
      <Filter>BEDirectX Header Files</Filter>
    </ClInclude>
    <ClInclude Include="BEDXTexture.h">
      <Filter>BEDirectX Header Files</Filter>
    </ClInclude>
    <ClInclude Include="BEDXTextureUpdateable.h">
      <Filter>BEDirectX Header Files</Filter>
    </ClInclude>
    <ClInclude Include="BEDXVertexBuffer.h">
      <Filter>BEDirectX Header Files</Filter>
    </ClInclude>
    <ClInclude Include="BEDXVertexShader.h">
      <Filter>BEDirectX Header Files</Filter>
    </ClInclude>
    <ClInclude Include="BEDXVSConstantBuffer.h">
      <Filter>BEDirectX Header Files</Filter>
    </ClInclude>
    <ClInclude Include="BESceneTests.h">
      <Filter>Scenes</Filter>
    </ClInclude>
    <ClInclude Include="BEEntitySystems.h">
      <Filter>BE Header Files</Filter>
    </ClInclude>
    <ClInclude Include="BEMath.h">
      <Filter>BE Header Files</Filter>
    </ClInclude>
    <ClInclude Include="BEInput.h">
      <Filter>BE Header Files</Filter>
    </ClInclude>
    <ClInclude Include="BEMeshLoaderPLY.h">
      <Filter>BE Header Files</Filter>
    </ClInclude>
    <ClInclude Include="BEMeshLoaderOBJ.h">
      <Filter>BE Header Files</Filter>
    </ClInclude>
    <ClInclude Include="BEDirectXResourceManager.h">
      <Filter>BEDirectX Header Files</Filter>
    </ClInclude>
    <ClInclude Include="BEDXScene.h">
      <Filter>BEDirectX Header Files</Filter>
    </ClInclude>
    <ClInclude Include="BERenderRaytraceThread.h">
      <Filter>BE Header Files</Filter>
    </ClInclude>
    <ClInclude Include="pch.h">
      <Filter>BE Header Files</Filter>
    </ClInclude>
    <ClInclude Include="BEWindow.h">
      <Filter>BE Header Files</Filter>
    </ClInclude>
    <ClInclude Include="BELogger.h">
      <Filter>BE Header Files</Filter>
    </ClInclude>
    <ClInclude Include="MiniPlanet.h">
      <Filter>Scenes</Filter>
    </ClInclude>
    <ClInclude Include="Submodules\FastNoise\FastNoise.h">
      <Filter>Submodules\FastNoise</Filter>
    </ClInclude>
    <ClInclude Include="Submodules\imgui\imconfig.h">
      <Filter>Submodules\imgui</Filter>
    </ClInclude>
    <ClInclude Include="Submodules\imgui\imgui.h">
      <Filter>Submodules\imgui</Filter>
    </ClInclude>
    <ClInclude Include="Submodules\imgui\imgui_internal.h">
      <Filter>Submodules\imgui</Filter>
    </ClInclude>
    <ClInclude Include="Submodules\imgui\imstb_rectpack.h">
      <Filter>Submodules\imgui</Filter>
    </ClInclude>
    <ClInclude Include="Submodules\imgui\imstb_textedit.h">
      <Filter>Submodules\imgui</Filter>
    </ClInclude>
    <ClInclude Include="Submodules\imgui\imstb_truetype.h">
      <Filter>Submodules\imgui</Filter>
    </ClInclude>
    <ClInclude Include="Submodules\imgui\examples\imgui_impl_dx11.h">
      <Filter>Submodules\imgui</Filter>
    </ClInclude>
    <ClInclude Include="Submodules\imgui\examples\imgui_impl_win32.h">
      <Filter>Submodules\imgui</Filter>
    </ClInclude>
    <ClInclude Include="BEDXimgui.h">
      <Filter>BEDirectX Header Files</Filter>
    </ClInclude>
    <ClInclude Include="BEUtil.h">
      <Filter>BE Header Files</Filter>
    </ClInclude>
  </ItemGroup>
  <ItemGroup>
    <FxCompile Include="PSPassthrough.hlsl">
      <Filter>Resource Files\Shaders</Filter>
    </FxCompile>
    <FxCompile Include="VertexShader.hlsl">
      <Filter>Resource Files\Shaders</Filter>
    </FxCompile>
    <FxCompile Include="VSPassthrough.hlsl">
      <Filter>Resource Files\Shaders</Filter>
    </FxCompile>
    <FxCompile Include="PixelShader.hlsl">
      <Filter>Resource Files\Shaders</Filter>
    </FxCompile>
    <FxCompile Include="PixelShaderTex.hlsl">
      <Filter>Resource Files\Shaders</Filter>
    </FxCompile>
    <FxCompile Include="PixelShaderSceneConst.hlsl">
      <Filter>Resource Files\Shaders</Filter>
    </FxCompile>
    <FxCompile Include="VertexShaderTex.hlsl">
      <Filter>Resource Files\Shaders</Filter>
    </FxCompile>
    <FxCompile Include="VertexShaderSceneConst.hlsl">
      <Filter>Resource Files\Shaders</Filter>
    </FxCompile>
    <FxCompile Include="PixelShaderEntityConst.hlsl">
      <Filter>Resource Files\Shaders</Filter>
    </FxCompile>
  </ItemGroup>
  <ItemGroup>
    <ResourceCompile Include="BasicEngine.rc">
      <Filter>Resource Files</Filter>
    </ResourceCompile>
  </ItemGroup>
  <ItemGroup>
    <None Include="STL\monkey.stl">
      <Filter>Resource Files\STL</Filter>
    </None>
    <None Include="STL\torus.stl">
      <Filter>Resource Files\STL</Filter>
    </None>
    <None Include="STL\sphere.stl">
      <Filter>Resource Files\STL</Filter>
    </None>
    <None Include="PLY\monkeyFlat.ply">
      <Filter>Resource Files\PLY</Filter>
    </None>
    <None Include="PLY\monkeySmooth.ply">
      <Filter>Resource Files\PLY</Filter>
    </None>
    <None Include="PLY\sphereFlat.ply">
      <Filter>Resource Files\PLY</Filter>
    </None>
    <None Include="PLY\sphereSmooth.ply">
      <Filter>Resource Files\PLY</Filter>
    </None>
    <None Include="Models\coneFlat.mtl">
      <Filter>Resource Files\Models</Filter>
    </None>
    <None Include="Models\torusSmooth.mtl">
      <Filter>Resource Files\Models</Filter>
    </None>
    <None Include="Models\simpleScene1.mtl">
      <Filter>Resource Files\Models</Filter>
    </None>
  </ItemGroup>
  <ItemGroup>
    <Image Include="Textures\4-sunset-over-water-focusstock.jpg">
      <Filter>Resource Files\Textures</Filter>
    </Image>
  </ItemGroup>
  <ItemGroup>
    <Object Include="Models\coneFlat.obj">
      <Filter>Resource Files\Models</Filter>
    </Object>
    <Object Include="Models\torusSmooth.obj">
      <Filter>Resource Files\Models</Filter>
    </Object>
    <Object Include="Models\simpleScene1.obj">
      <Filter>Resource Files\Models</Filter>
    </Object>
  </ItemGroup>
</Project>